
Microsoft Visual Studio Solution File, Format Version 12.00
# Visual Studio Version 16
VisualStudioVersion = 16.0.30225.117
MinimumVisualStudioVersion = 10.0.40219.1
Project("{8BC9CEB8-8B4A-11D0-8D11-00A0C91BC942}") = "_2020_07_03", "_2020_07_03\_2020_07_03.vcxproj", "{AE5D8E2F-CA4B-476F-A570-B5033C20E1C9}"
EndProject
Project("{8BC9CEB8-8B4A-11D0-8D11-00A0C91BC942}") = "Human", "Human\Human.vcxproj", "{CBA00EE3-9DD5-48E5-8ABF-D0A0BE341C19}"
EndProject
Project("{8BC9CEB8-8B4A-11D0-8D11-00A0C91BC942}") = "Human_01", "Human_01\Human_01.vcxproj", "{E149877E-7F2C-4B42-8ECB-363E4143BAE2}"
EndProject
Project("{8BC9CEB8-8B4A-11D0-8D11-00A0C91BC942}") = "Human_02", "Human_02\Human_02.vcxproj", "{1C75076A-9EB0-4156-9213-92F447AB3DA4}"
EndProject
Global
	GlobalSection(SolutionConfigurationPlatforms) = preSolution
		Debug|x64 = Debug|x64
		Debug|x86 = Debug|x86
		Release|x64 = Release|x64
		Release|x86 = Release|x86
	EndGlobalSection
	GlobalSection(ProjectConfigurationPlatforms) = postSolution
		{AE5D8E2F-CA4B-476F-A570-B5033C20E1C9}.Debug|x64.ActiveCfg = Debug|x64
		{AE5D8E2F-CA4B-476F-A570-B5033C20E1C9}.Debug|x64.Build.0 = Debug|x64
		{AE5D8E2F-CA4B-476F-A570-B5033C20E1C9}.Debug|x86.ActiveCfg = Debug|Win32
		{AE5D8E2F-CA4B-476F-A570-B5033C20E1C9}.Debug|x86.Build.0 = Debug|Win32
		{AE5D8E2F-CA4B-476F-A570-B5033C20E1C9}.Release|x64.ActiveCfg = Release|x64
		{AE5D8E2F-CA4B-476F-A570-B5033C20E1C9}.Release|x64.Build.0 = Release|x64
		{AE5D8E2F-CA4B-476F-A570-B5033C20E1C9}.Release|x86.ActiveCfg = Release|Win32
		{AE5D8E2F-CA4B-476F-A570-B5033C20E1C9}.Release|x86.Build.0 = Release|Win32
		{CBA00EE3-9DD5-48E5-8ABF-D0A0BE341C19}.Debug|x64.ActiveCfg = Debug|x64
		{CBA00EE3-9DD5-48E5-8ABF-D0A0BE341C19}.Debug|x64.Build.0 = Debug|x64
		{CBA00EE3-9DD5-48E5-8ABF-D0A0BE341C19}.Debug|x86.ActiveCfg = Debug|Win32
		{CBA00EE3-9DD5-48E5-8ABF-D0A0BE341C19}.Debug|x86.Build.0 = Debug|Win32
		{CBA00EE3-9DD5-48E5-8ABF-D0A0BE341C19}.Release|x64.ActiveCfg = Release|x64
		{CBA00EE3-9DD5-48E5-8ABF-D0A0BE341C19}.Release|x64.Build.0 = Release|x64
		{CBA00EE3-9DD5-48E5-8ABF-D0A0BE341C19}.Release|x86.ActiveCfg = Release|Win32
		{CBA00EE3-9DD5-48E5-8ABF-D0A0BE341C19}.Release|x86.Build.0 = Release|Win32
		{E149877E-7F2C-4B42-8ECB-363E4143BAE2}.Debug|x64.ActiveCfg = Debug|x64
		{E149877E-7F2C-4B42-8ECB-363E4143BAE2}.Debug|x64.Build.0 = Debug|x64
		{E149877E-7F2C-4B42-8ECB-363E4143BAE2}.Debug|x86.ActiveCfg = Debug|Win32
		{E149877E-7F2C-4B42-8ECB-363E4143BAE2}.Debug|x86.Build.0 = Debug|Win32
		{E149877E-7F2C-4B42-8ECB-363E4143BAE2}.Release|x64.ActiveCfg = Release|x64
		{E149877E-7F2C-4B42-8ECB-363E4143BAE2}.Release|x64.Build.0 = Release|x64
		{E149877E-7F2C-4B42-8ECB-363E4143BAE2}.Release|x86.ActiveCfg = Release|Win32
		{E149877E-7F2C-4B42-8ECB-363E4143BAE2}.Release|x86.Build.0 = Release|Win32
		{1C75076A-9EB0-4156-9213-92F447AB3DA4}.Debug|x64.ActiveCfg = Debug|x64
		{1C75076A-9EB0-4156-9213-92F447AB3DA4}.Debug|x64.Build.0 = Debug|x64
		{1C75076A-9EB0-4156-9213-92F447AB3DA4}.Debug|x86.ActiveCfg = Debug|Win32
		{1C75076A-9EB0-4156-9213-92F447AB3DA4}.Debug|x86.Build.0 = Debug|Win32
		{1C75076A-9EB0-4156-9213-92F447AB3DA4}.Release|x64.ActiveCfg = Release|x64
		{1C75076A-9EB0-4156-9213-92F447AB3DA4}.Release|x64.Build.0 = Release|x64
		{1C75076A-9EB0-4156-9213-92F447AB3DA4}.Release|x86.ActiveCfg = Release|Win32
		{1C75076A-9EB0-4156-9213-92F447AB3DA4}.Release|x86.Build.0 = Release|Win32
	EndGlobalSection
	GlobalSection(SolutionProperties) = preSolution
		HideSolutionNode = FALSE
	EndGlobalSection
	GlobalSection(ExtensibilityGlobals) = postSolution
		SolutionGuid = {8C1A7485-5B4D-4AEB-8EE8-E5334E6B95EF}
	EndGlobalSection
EndGlobal
