
Microsoft Visual Studio Solution File, Format Version 12.00
# Visual Studio Version 16
VisualStudioVersion = 16.0.30204.135
MinimumVisualStudioVersion = 10.0.40219.1
Project("{8BC9CEB8-8B4A-11D0-8D11-00A0C91BC942}") = "_2020_06_29Lecture", "_2020_06_29Lecture\_2020_06_29Lecture.vcxproj", "{F6BC065A-BD88-4B11-8F80-CB27FFE76766}"
EndProject
Global
	GlobalSection(SolutionConfigurationPlatforms) = preSolution
		Debug|x64 = Debug|x64
		Debug|x86 = Debug|x86
		Release|x64 = Release|x64
		Release|x86 = Release|x86
	EndGlobalSection
	GlobalSection(ProjectConfigurationPlatforms) = postSolution
		{F6BC065A-BD88-4B11-8F80-CB27FFE76766}.Debug|x64.ActiveCfg = Debug|x64
		{F6BC065A-BD88-4B11-8F80-CB27FFE76766}.Debug|x64.Build.0 = Debug|x64
		{F6BC065A-BD88-4B11-8F80-CB27FFE76766}.Debug|x86.ActiveCfg = Debug|Win32
		{F6BC065A-BD88-4B11-8F80-CB27FFE76766}.Debug|x86.Build.0 = Debug|Win32
		{F6BC065A-BD88-4B11-8F80-CB27FFE76766}.Release|x64.ActiveCfg = Release|x64
		{F6BC065A-BD88-4B11-8F80-CB27FFE76766}.Release|x64.Build.0 = Release|x64
		{F6BC065A-BD88-4B11-8F80-CB27FFE76766}.Release|x86.ActiveCfg = Release|Win32
		{F6BC065A-BD88-4B11-8F80-CB27FFE76766}.Release|x86.Build.0 = Release|Win32
	EndGlobalSection
	GlobalSection(SolutionProperties) = preSolution
		HideSolutionNode = FALSE
	EndGlobalSection
	GlobalSection(ExtensibilityGlobals) = postSolution
		SolutionGuid = {8499BD80-1ABC-42E5-AFE5-9FC53F4BB718}
	EndGlobalSection
EndGlobal
